# This file is generated by running "yarn install" inside your project.
# Manual changes might be lost - proceed with caution!

__metadata:
  version: 6
  cacheKey: 8

"@jridgewell/gen-mapping@npm:^0.3.0":
  version: 0.3.3
  resolution: "@jridgewell/gen-mapping@npm:0.3.3"
  dependencies:
    "@jridgewell/set-array": ^1.0.1
    "@jridgewell/sourcemap-codec": ^1.4.10
    "@jridgewell/trace-mapping": ^0.3.9
  checksum: 4a74944bd31f22354fc01c3da32e83c19e519e3bbadafa114f6da4522ea77dd0c2842607e923a591d60a76699d819a2fbb6f3552e277efdb9b58b081390b60ab
  languageName: node
  linkType: hard

"@jridgewell/resolve-uri@npm:^3.1.0":
  version: 3.1.1
  resolution: "@jridgewell/resolve-uri@npm:3.1.1"
  checksum: f5b441fe7900eab4f9155b3b93f9800a916257f4e8563afbcd3b5a5337b55e52bd8ae6735453b1b745457d9f6cdb16d74cd6220bbdd98cf153239e13f6cbb653
  languageName: node
  linkType: hard

"@jridgewell/set-array@npm:^1.0.1":
  version: 1.1.2
  resolution: "@jridgewell/set-array@npm:1.1.2"
  checksum: 69a84d5980385f396ff60a175f7177af0b8da4ddb81824cb7016a9ef914eee9806c72b6b65942003c63f7983d4f39a5c6c27185bbca88eb4690b62075602e28e
  languageName: node
  linkType: hard

"@jridgewell/source-map@npm:^0.3.3":
  version: 0.3.5
  resolution: "@jridgewell/source-map@npm:0.3.5"
  dependencies:
    "@jridgewell/gen-mapping": ^0.3.0
    "@jridgewell/trace-mapping": ^0.3.9
  checksum: 1ad4dec0bdafbade57920a50acec6634f88a0eb735851e0dda906fa9894e7f0549c492678aad1a10f8e144bfe87f238307bf2a914a1bc85b7781d345417e9f6f
  languageName: node
  linkType: hard

"@jridgewell/sourcemap-codec@npm:^1.4.10, @jridgewell/sourcemap-codec@npm:^1.4.14":
  version: 1.4.15
  resolution: "@jridgewell/sourcemap-codec@npm:1.4.15"
  checksum: b881c7e503db3fc7f3c1f35a1dd2655a188cc51a3612d76efc8a6eb74728bef5606e6758ee77423e564092b4a518aba569bbb21c9bac5ab7a35b0c6ae7e344c8
  languageName: node
  linkType: hard

"@jridgewell/trace-mapping@npm:^0.3.20, @jridgewell/trace-mapping@npm:^0.3.9":
  version: 0.3.20
  resolution: "@jridgewell/trace-mapping@npm:0.3.20"
  dependencies:
    "@jridgewell/resolve-uri": ^3.1.0
    "@jridgewell/sourcemap-codec": ^1.4.14
  checksum: cd1a7353135f385909468ff0cf20bdd37e59f2ee49a13a966dedf921943e222082c583ade2b579ff6cd0d8faafcb5461f253e1bf2a9f48fec439211fdbe788f5
  languageName: node
  linkType: hard

"@module-federation/nextjs-mf@npm:^7.0.8":
  version: 7.0.8
  resolution: "@module-federation/nextjs-mf@npm:7.0.8"
  dependencies:
    "@module-federation/node": 1.0.7
    "@module-federation/utilities": 2.0.6
    encoding: 0.1.13
    eventemitter3: ^5.0.0
    fast-glob: ^3.2.11
    node-fetch: 2.6.9
    webpack-sources: ^3.2.3
  peerDependencies:
    next: ^12 || ^13
    react: ^17 || ^18
    react-dom: ^17 || ^18
    styled-jsx: "*"
    webpack: ^5.40.0
  peerDependenciesMeta:
    styled-jsx:
      optional: true
  checksum: 178dc8929ab16fd800acfe0d08a156a6bfb7f06b49ab90a609e36d647c2f6a6f8b4a5cad7db5e39e681f4c655306295f4928458ecae00d715eaed3598680d4a4
  languageName: node
  linkType: hard

"@module-federation/node@npm:1.0.7":
  version: 1.0.7
  resolution: "@module-federation/node@npm:1.0.7"
  dependencies:
    "@module-federation/utilities": 2.0.6
    encoding: ^0.1.13
    node-fetch: ^2.6.7
    webpack-sources: 3.2.3
  peerDependencies:
    next: ^12||^13
    react: ^16||^17||^18
    react-dom: ^16||^17||^18
    webpack: ^5.40.0
  peerDependenciesMeta:
    next:
      optional: true
    react:
      optional: true
    react-dom:
      optional: true
  checksum: c54bcb3bf32603ddeffe98edb2a1597263a3c5cd5cd53304cd2d14061417ca6f362b0bb77d4fc9260befff6e6a4da5244c035cc819615ff00f46e8b7b778c20d
  languageName: node
  linkType: hard

"@module-federation/utilities@npm:2.0.6":
  version: 2.0.6
  resolution: "@module-federation/utilities@npm:2.0.6"
  dependencies:
    webpack-sources: 3.2.3
  peerDependencies:
    next: ^12 || ^13
    react: ^16 || ^17 || ^18
    react-dom: ^16 || ^17 || ^18
    webpack: ^5.40.0
  peerDependenciesMeta:
    next:
      optional: true
    react:
      optional: true
    react-dom:
      optional: true
  checksum: ad2cb854ee0e9875562b670b0bfb1f518edf894ffcec5a71f8ecd7206260aafc03165575e7333cc6e71c20d16c6950f4b9727d0f55c5b3e2ba6ff7b47efb9e4f
  languageName: node
  linkType: hard

"@next/env@npm:13.5.6":
  version: 13.5.6
  resolution: "@next/env@npm:13.5.6"
  checksum: 5e8f3f6f987a15dad3cd7b2bcac64a6382c2ec372d95d0ce6ab295eb59c9731222017eebf71ff3005932de2571f7543bce7e5c6a8c90030207fb819404138dc2
  languageName: node
  linkType: hard

"@next/swc-darwin-arm64@npm:13.5.6":
  version: 13.5.6
  resolution: "@next/swc-darwin-arm64@npm:13.5.6"
  conditions: os=darwin & cpu=arm64
  languageName: node
  linkType: hard

"@next/swc-darwin-x64@npm:13.5.6":
  version: 13.5.6
  resolution: "@next/swc-darwin-x64@npm:13.5.6"
  conditions: os=darwin & cpu=x64
  languageName: node
  linkType: hard

"@next/swc-linux-arm64-gnu@npm:13.5.6":
  version: 13.5.6
  resolution: "@next/swc-linux-arm64-gnu@npm:13.5.6"
  conditions: os=linux & cpu=arm64 & libc=glibc
  languageName: node
  linkType: hard

"@next/swc-linux-arm64-musl@npm:13.5.6":
  version: 13.5.6
  resolution: "@next/swc-linux-arm64-musl@npm:13.5.6"
  conditions: os=linux & cpu=arm64 & libc=musl
  languageName: node
  linkType: hard

"@next/swc-linux-x64-gnu@npm:13.5.6":
  version: 13.5.6
  resolution: "@next/swc-linux-x64-gnu@npm:13.5.6"
  conditions: os=linux & cpu=x64 & libc=glibc
  languageName: node
  linkType: hard

"@next/swc-linux-x64-musl@npm:13.5.6":
  version: 13.5.6
  resolution: "@next/swc-linux-x64-musl@npm:13.5.6"
  conditions: os=linux & cpu=x64 & libc=musl
  languageName: node
  linkType: hard

"@next/swc-win32-arm64-msvc@npm:13.5.6":
  version: 13.5.6
  resolution: "@next/swc-win32-arm64-msvc@npm:13.5.6"
  conditions: os=win32 & cpu=arm64
  languageName: node
  linkType: hard

"@next/swc-win32-ia32-msvc@npm:13.5.6":
  version: 13.5.6
  resolution: "@next/swc-win32-ia32-msvc@npm:13.5.6"
  conditions: os=win32 & cpu=ia32
  languageName: node
  linkType: hard

"@next/swc-win32-x64-msvc@npm:13.5.6":
  version: 13.5.6
  resolution: "@next/swc-win32-x64-msvc@npm:13.5.6"
  conditions: os=win32 & cpu=x64
  languageName: node
  linkType: hard

"@nodelib/fs.scandir@npm:2.1.5":
  version: 2.1.5
  resolution: "@nodelib/fs.scandir@npm:2.1.5"
  dependencies:
    "@nodelib/fs.stat": 2.0.5
    run-parallel: ^1.1.9
  checksum: a970d595bd23c66c880e0ef1817791432dbb7acbb8d44b7e7d0e7a22f4521260d4a83f7f9fd61d44fda4610105577f8f58a60718105fb38352baed612fd79e59
  languageName: node
  linkType: hard

"@nodelib/fs.stat@npm:2.0.5, @nodelib/fs.stat@npm:^2.0.2":
  version: 2.0.5
  resolution: "@nodelib/fs.stat@npm:2.0.5"
  checksum: 012480b5ca9d97bff9261571dbbec7bbc6033f69cc92908bc1ecfad0792361a5a1994bc48674b9ef76419d056a03efadfce5a6cf6dbc0a36559571a7a483f6f0
  languageName: node
  linkType: hard

"@nodelib/fs.walk@npm:^1.2.3":
  version: 1.2.8
  resolution: "@nodelib/fs.walk@npm:1.2.8"
  dependencies:
    "@nodelib/fs.scandir": 2.1.5
    fastq: ^1.6.0
  checksum: 190c643f156d8f8f277bf2a6078af1ffde1fd43f498f187c2db24d35b4b4b5785c02c7dc52e356497b9a1b65b13edc996de08de0b961c32844364da02986dc53
  languageName: node
  linkType: hard

"@swc/helpers@npm:0.5.2":
  version: 0.5.2
  resolution: "@swc/helpers@npm:0.5.2"
  dependencies:
    tslib: ^2.4.0
  checksum: 51d7e3d8bd56818c49d6bfbd715f0dbeedc13cf723af41166e45c03e37f109336bbcb57a1f2020f4015957721aeb21e1a7fff281233d797ff7d3dd1f447fa258
  languageName: node
  linkType: hard

"@types/eslint-scope@npm:^3.7.3":
  version: 3.7.7
  resolution: "@types/eslint-scope@npm:3.7.7"
  dependencies:
    "@types/eslint": "*"
    "@types/estree": "*"
  checksum: e2889a124aaab0b89af1bab5959847c5bec09809209255de0e63b9f54c629a94781daa04adb66bffcdd742f5e25a17614fb933965093c0eea64aacda4309380e
  languageName: node
  linkType: hard

"@types/eslint@npm:*":
  version: 8.56.1
  resolution: "@types/eslint@npm:8.56.1"
  dependencies:
    "@types/estree": "*"
    "@types/json-schema": "*"
  checksum: 1a4c7334c2f0cfead7b9d25c574c7b3d0b44242958703caa868ed38990a96b5d96477e6fceb7be54fbadd6fb61c97b778b9df58531ced3ec4b022d3e54254dc3
  languageName: node
  linkType: hard

"@types/estree@npm:*, @types/estree@npm:^1.0.0":
  version: 1.0.5
  resolution: "@types/estree@npm:1.0.5"
  checksum: dd8b5bed28e6213b7acd0fb665a84e693554d850b0df423ac8076cc3ad5823a6bc26b0251d080bdc545af83179ede51dd3f6fa78cad2c46ed1f29624ddf3e41a
  languageName: node
  linkType: hard

"@types/json-schema@npm:*, @types/json-schema@npm:^7.0.8":
  version: 7.0.15
  resolution: "@types/json-schema@npm:7.0.15"
  checksum: 97ed0cb44d4070aecea772b7b2e2ed971e10c81ec87dd4ecc160322ffa55ff330dace1793489540e3e318d90942064bb697cc0f8989391797792d919737b3b98
  languageName: node
  linkType: hard

"@types/node@npm:*":
  version: 20.10.6
  resolution: "@types/node@npm:20.10.6"
  dependencies:
    undici-types: ~5.26.4
  checksum: ada40e4ccbda3697dca88f8d13f4c996c493be6fbc15f5f5d3b91096d56bd700786a2c148a92a2b4c5d1f133379e63f754a786b3aebfc6a7d09fc7ea16dc017b
  languageName: node
  linkType: hard

"@webassemblyjs/ast@npm:1.11.6, @webassemblyjs/ast@npm:^1.11.5":
  version: 1.11.6
  resolution: "@webassemblyjs/ast@npm:1.11.6"
  dependencies:
    "@webassemblyjs/helper-numbers": 1.11.6
    "@webassemblyjs/helper-wasm-bytecode": 1.11.6
  checksum: 38ef1b526ca47c210f30975b06df2faf1a8170b1636ce239fc5738fc231ce28389dd61ecedd1bacfc03cbe95b16d1af848c805652080cb60982836eb4ed2c6cf
  languageName: node
  linkType: hard

"@webassemblyjs/floating-point-hex-parser@npm:1.11.6":
  version: 1.11.6
  resolution: "@webassemblyjs/floating-point-hex-parser@npm:1.11.6"
  checksum: 29b08758841fd8b299c7152eda36b9eb4921e9c584eb4594437b5cd90ed6b920523606eae7316175f89c20628da14326801090167cc7fbffc77af448ac84b7e2
  languageName: node
  linkType: hard

"@webassemblyjs/helper-api-error@npm:1.11.6":
  version: 1.11.6
  resolution: "@webassemblyjs/helper-api-error@npm:1.11.6"
  checksum: e8563df85161096343008f9161adb138a6e8f3c2cc338d6a36011aa55eabb32f2fd138ffe63bc278d009ada001cc41d263dadd1c0be01be6c2ed99076103689f
  languageName: node
  linkType: hard

"@webassemblyjs/helper-buffer@npm:1.11.6":
  version: 1.11.6
  resolution: "@webassemblyjs/helper-buffer@npm:1.11.6"
  checksum: b14d0573bf680d22b2522e8a341ec451fddd645d1f9c6bd9012ccb7e587a2973b86ab7b89fe91e1c79939ba96095f503af04369a3b356c8023c13a5893221644
  languageName: node
  linkType: hard

"@webassemblyjs/helper-numbers@npm:1.11.6":
  version: 1.11.6
  resolution: "@webassemblyjs/helper-numbers@npm:1.11.6"
  dependencies:
    "@webassemblyjs/floating-point-hex-parser": 1.11.6
    "@webassemblyjs/helper-api-error": 1.11.6
    "@xtuc/long": 4.2.2
  checksum: f4b562fa219f84368528339e0f8d273ad44e047a07641ffcaaec6f93e5b76fd86490a009aa91a294584e1436d74b0a01fa9fde45e333a4c657b58168b04da424
  languageName: node
  linkType: hard

"@webassemblyjs/helper-wasm-bytecode@npm:1.11.6":
  version: 1.11.6
  resolution: "@webassemblyjs/helper-wasm-bytecode@npm:1.11.6"
  checksum: 3535ef4f1fba38de3475e383b3980f4bbf3de72bbb631c2b6584c7df45be4eccd62c6ff48b5edd3f1bcff275cfd605a37679ec199fc91fd0a7705d7f1e3972dc
  languageName: node
  linkType: hard

"@webassemblyjs/helper-wasm-section@npm:1.11.6":
  version: 1.11.6
  resolution: "@webassemblyjs/helper-wasm-section@npm:1.11.6"
  dependencies:
    "@webassemblyjs/ast": 1.11.6
    "@webassemblyjs/helper-buffer": 1.11.6
    "@webassemblyjs/helper-wasm-bytecode": 1.11.6
    "@webassemblyjs/wasm-gen": 1.11.6
  checksum: b2cf751bf4552b5b9999d27bbb7692d0aca75260140195cb58ea6374d7b9c2dc69b61e10b211a0e773f66209c3ddd612137ed66097e3684d7816f854997682e9
  languageName: node
  linkType: hard

"@webassemblyjs/ieee754@npm:1.11.6":
  version: 1.11.6
  resolution: "@webassemblyjs/ieee754@npm:1.11.6"
  dependencies:
    "@xtuc/ieee754": ^1.2.0
  checksum: 13574b8e41f6ca39b700e292d7edf102577db5650fe8add7066a320aa4b7a7c09a5056feccac7a74eb68c10dea9546d4461412af351f13f6b24b5f32379b49de
  languageName: node
  linkType: hard

"@webassemblyjs/leb128@npm:1.11.6":
  version: 1.11.6
  resolution: "@webassemblyjs/leb128@npm:1.11.6"
  dependencies:
    "@xtuc/long": 4.2.2
  checksum: 7ea942dc9777d4b18a5ebfa3a937b30ae9e1d2ce1fee637583ed7f376334dd1d4274f813d2e250056cca803e0952def4b954913f1a3c9068bcd4ab4ee5143bf0
  languageName: node
  linkType: hard

"@webassemblyjs/utf8@npm:1.11.6":
  version: 1.11.6
  resolution: "@webassemblyjs/utf8@npm:1.11.6"
  checksum: 807fe5b5ce10c390cfdd93e0fb92abda8aebabb5199980681e7c3743ee3306a75729bcd1e56a3903980e96c885ee53ef901fcbaac8efdfa480f9c0dae1d08713
  languageName: node
  linkType: hard

"@webassemblyjs/wasm-edit@npm:^1.11.5":
  version: 1.11.6
  resolution: "@webassemblyjs/wasm-edit@npm:1.11.6"
  dependencies:
    "@webassemblyjs/ast": 1.11.6
    "@webassemblyjs/helper-buffer": 1.11.6
    "@webassemblyjs/helper-wasm-bytecode": 1.11.6
    "@webassemblyjs/helper-wasm-section": 1.11.6
    "@webassemblyjs/wasm-gen": 1.11.6
    "@webassemblyjs/wasm-opt": 1.11.6
    "@webassemblyjs/wasm-parser": 1.11.6
    "@webassemblyjs/wast-printer": 1.11.6
  checksum: 29ce75870496d6fad864d815ebb072395a8a3a04dc9c3f4e1ffdc63fc5fa58b1f34304a1117296d8240054cfdbc38aca88e71fb51483cf29ffab0a61ef27b481
  languageName: node
  linkType: hard

"@webassemblyjs/wasm-gen@npm:1.11.6":
  version: 1.11.6
  resolution: "@webassemblyjs/wasm-gen@npm:1.11.6"
  dependencies:
    "@webassemblyjs/ast": 1.11.6
    "@webassemblyjs/helper-wasm-bytecode": 1.11.6
    "@webassemblyjs/ieee754": 1.11.6
    "@webassemblyjs/leb128": 1.11.6
    "@webassemblyjs/utf8": 1.11.6
  checksum: a645a2eecbea24833c3260a249704a7f554ef4a94c6000984728e94bb2bc9140a68dfd6fd21d5e0bbb09f6dfc98e083a45760a83ae0417b41a0196ff6d45a23a
  languageName: node
  linkType: hard

"@webassemblyjs/wasm-opt@npm:1.11.6":
  version: 1.11.6
  resolution: "@webassemblyjs/wasm-opt@npm:1.11.6"
  dependencies:
    "@webassemblyjs/ast": 1.11.6
    "@webassemblyjs/helper-buffer": 1.11.6
    "@webassemblyjs/wasm-gen": 1.11.6
    "@webassemblyjs/wasm-parser": 1.11.6
  checksum: b4557f195487f8e97336ddf79f7bef40d788239169aac707f6eaa2fa5fe243557c2d74e550a8e57f2788e70c7ae4e7d32f7be16101afe183d597b747a3bdd528
  languageName: node
  linkType: hard

"@webassemblyjs/wasm-parser@npm:1.11.6, @webassemblyjs/wasm-parser@npm:^1.11.5":
  version: 1.11.6
  resolution: "@webassemblyjs/wasm-parser@npm:1.11.6"
  dependencies:
    "@webassemblyjs/ast": 1.11.6
    "@webassemblyjs/helper-api-error": 1.11.6
    "@webassemblyjs/helper-wasm-bytecode": 1.11.6
    "@webassemblyjs/ieee754": 1.11.6
    "@webassemblyjs/leb128": 1.11.6
    "@webassemblyjs/utf8": 1.11.6
  checksum: 8200a8d77c15621724a23fdabe58d5571415cda98a7058f542e670ea965dd75499f5e34a48675184947c66f3df23adf55df060312e6d72d57908e3f049620d8a
  languageName: node
  linkType: hard

"@webassemblyjs/wast-printer@npm:1.11.6":
  version: 1.11.6
  resolution: "@webassemblyjs/wast-printer@npm:1.11.6"
  dependencies:
    "@webassemblyjs/ast": 1.11.6
    "@xtuc/long": 4.2.2
  checksum: d2fa6a4c427325ec81463e9c809aa6572af6d47f619f3091bf4c4a6fc34f1da3df7caddaac50b8e7a457f8784c62cd58c6311b6cb69b0162ccd8d4c072f79cf8
  languageName: node
  linkType: hard

"@xtuc/ieee754@npm:^1.2.0":
  version: 1.2.0
  resolution: "@xtuc/ieee754@npm:1.2.0"
  checksum: ac56d4ca6e17790f1b1677f978c0c6808b1900a5b138885d3da21732f62e30e8f0d9120fcf8f6edfff5100ca902b46f8dd7c1e3f903728634523981e80e2885a
  languageName: node
  linkType: hard

"@xtuc/long@npm:4.2.2":
  version: 4.2.2
  resolution: "@xtuc/long@npm:4.2.2"
  checksum: 8ed0d477ce3bc9c6fe2bf6a6a2cc316bb9c4127c5a7827bae947fa8ec34c7092395c5a283cc300c05b5fa01cbbfa1f938f410a7bf75db7c7846fea41949989ec
  languageName: node
  linkType: hard

"acorn-import-assertions@npm:^1.9.0":
  version: 1.9.0
  resolution: "acorn-import-assertions@npm:1.9.0"
  peerDependencies:
    acorn: ^8
  checksum: 944fb2659d0845c467066bdcda2e20c05abe3aaf11972116df457ce2627628a81764d800dd55031ba19de513ee0d43bb771bc679cc0eda66dc8b4fade143bc0c
  languageName: node
  linkType: hard

"acorn@npm:^8.7.1, acorn@npm:^8.8.2":
  version: 8.11.3
  resolution: "acorn@npm:8.11.3"
  bin:
    acorn: bin/acorn
  checksum: 76d8e7d559512566b43ab4aadc374f11f563f0a9e21626dd59cb2888444e9445923ae9f3699972767f18af61df89cd89f5eaaf772d1327b055b45cb829b4a88c
  languageName: node
  linkType: hard

"ajv-keywords@npm:^3.5.2":
  version: 3.5.2
  resolution: "ajv-keywords@npm:3.5.2"
  peerDependencies:
    ajv: ^6.9.1
  checksum: 7dc5e5931677a680589050f79dcbe1fefbb8fea38a955af03724229139175b433c63c68f7ae5f86cf8f65d55eb7c25f75a046723e2e58296707617ca690feae9
  languageName: node
  linkType: hard

"ajv@npm:^6.12.5":
  version: 6.12.6
  resolution: "ajv@npm:6.12.6"
  dependencies:
    fast-deep-equal: ^3.1.1
    fast-json-stable-stringify: ^2.0.0
    json-schema-traverse: ^0.4.1
    uri-js: ^4.2.2
  checksum: 874972efe5c4202ab0a68379481fbd3d1b5d0a7bd6d3cc21d40d3536ebff3352a2a1fabb632d4fd2cc7fe4cbdcd5ed6782084c9bbf7f32a1536d18f9da5007d4
  languageName: node
  linkType: hard

"braces@npm:^3.0.2":
  version: 3.0.2
  resolution: "braces@npm:3.0.2"
  dependencies:
    fill-range: ^7.0.1
  checksum: e2a8e769a863f3d4ee887b5fe21f63193a891c68b612ddb4b68d82d1b5f3ff9073af066c343e9867a393fe4c2555dcb33e89b937195feb9c1613d259edfcd459
  languageName: node
  linkType: hard

"browserslist@npm:^4.14.5":
  version: 4.22.2
  resolution: "browserslist@npm:4.22.2"
  dependencies:
    caniuse-lite: ^1.0.30001565
    electron-to-chromium: ^1.4.601
    node-releases: ^2.0.14
    update-browserslist-db: ^1.0.13
  bin:
    browserslist: cli.js
  checksum: 33ddfcd9145220099a7a1ac533cecfe5b7548ffeb29b313e1b57be6459000a1f8fa67e781cf4abee97268ac594d44134fcc4a6b2b4750ceddc9796e3a22076d9
  languageName: node
  linkType: hard

"buffer-from@npm:^1.0.0":
  version: 1.1.2
  resolution: "buffer-from@npm:1.1.2"
  checksum: 0448524a562b37d4d7ed9efd91685a5b77a50672c556ea254ac9a6d30e3403a517d8981f10e565db24e8339413b43c97ca2951f10e399c6125a0d8911f5679bb
  languageName: node
  linkType: hard

"busboy@npm:1.6.0":
  version: 1.6.0
  resolution: "busboy@npm:1.6.0"
  dependencies:
    streamsearch: ^1.1.0
  checksum: 32801e2c0164e12106bf236291a00795c3c4e4b709ae02132883fe8478ba2ae23743b11c5735a0aae8afe65ac4b6ca4568b91f0d9fed1fdbc32ede824a73746e
  languageName: node
  linkType: hard

"caniuse-lite@npm:^1.0.30001406, caniuse-lite@npm:^1.0.30001565":
  version: 1.0.30001574
  resolution: "caniuse-lite@npm:1.0.30001574"
  checksum: 4064719755371a9716446ee79714ff5cee347861492d6325c2e3db00c37cb27f184742f53f2b6e4c15cc2e1a47fae32cc44c9b15e957a9290982bf4108933245
  languageName: node
  linkType: hard

"checkout-13@workspace:.":
  version: 0.0.0-use.local
  resolution: "checkout-13@workspace:."
  dependencies:
    "@module-federation/nextjs-mf": ^7.0.8
    next: 13.5.6
    react: 18.2.0
    react-dom: 18.2.0
    webpack: 5.89.0
  languageName: unknown
  linkType: soft

"chrome-trace-event@npm:^1.0.2":
  version: 1.0.3
  resolution: "chrome-trace-event@npm:1.0.3"
  checksum: cb8b1fc7e881aaef973bd0c4a43cd353c2ad8323fb471a041e64f7c2dd849cde4aad15f8b753331a32dda45c973f032c8a03b8177fc85d60eaa75e91e08bfb97
  languageName: node
  linkType: hard

"client-only@npm:0.0.1":
  version: 0.0.1
  resolution: "client-only@npm:0.0.1"
  checksum: 0c16bf660dadb90610553c1d8946a7fdfb81d624adea073b8440b7d795d5b5b08beb3c950c6a2cf16279365a3265158a236876d92bce16423c485c322d7dfaf8
  languageName: node
  linkType: hard

"commander@npm:^2.20.0":
  version: 2.20.3
  resolution: "commander@npm:2.20.3"
  checksum: ab8c07884e42c3a8dbc5dd9592c606176c7eb5c1ca5ff274bcf907039b2c41de3626f684ea75ccf4d361ba004bbaff1f577d5384c155f3871e456bdf27becf9e
  languageName: node
  linkType: hard

"electron-to-chromium@npm:^1.4.601":
  version: 1.4.623
  resolution: "electron-to-chromium@npm:1.4.623"
  checksum: 69b285f1046571bde9cda95089397e1388dc5268c71b361832ade9eae6d9987229fa150856e024f845c68848e235f0fcdaf730f0d03b061239c75c968b521d11
  languageName: node
  linkType: hard

"encoding@npm:0.1.13, encoding@npm:^0.1.13":
  version: 0.1.13
  resolution: "encoding@npm:0.1.13"
  dependencies:
    iconv-lite: ^0.6.2
  checksum: bb98632f8ffa823996e508ce6a58ffcf5856330fde839ae42c9e1f436cc3b5cc651d4aeae72222916545428e54fd0f6aa8862fd8d25bdbcc4589f1e3f3715e7f
  languageName: node
  linkType: hard

"enhanced-resolve@npm:^5.15.0":
  version: 5.15.0
  resolution: "enhanced-resolve@npm:5.15.0"
  dependencies:
    graceful-fs: ^4.2.4
    tapable: ^2.2.0
  checksum: fbd8cdc9263be71cc737aa8a7d6c57b43d6aa38f6cc75dde6fcd3598a130cc465f979d2f4d01bb3bf475acb43817749c79f8eef9be048683602ca91ab52e4f11
  languageName: node
  linkType: hard

"es-module-lexer@npm:^1.2.1":
  version: 1.4.1
  resolution: "es-module-lexer@npm:1.4.1"
  checksum: a11b5a256d4e8e9c7d94c2fd87415ccd1591617b6edd847e064503f8eaece2d25e2e9078a02c5ce3ed5e83bb748f5b4820efbe78072c8beb07ac619c2edec35d
  languageName: node
  linkType: hard

"escalade@npm:^3.1.1":
  version: 3.1.1
  resolution: "escalade@npm:3.1.1"
  checksum: a3e2a99f07acb74b3ad4989c48ca0c3140f69f923e56d0cba0526240ee470b91010f9d39001f2a4a313841d237ede70a729e92125191ba5d21e74b106800b133
  languageName: node
  linkType: hard

"eslint-scope@npm:5.1.1":
  version: 5.1.1
  resolution: "eslint-scope@npm:5.1.1"
  dependencies:
    esrecurse: ^4.3.0
    estraverse: ^4.1.1
  checksum: 47e4b6a3f0cc29c7feedee6c67b225a2da7e155802c6ea13bbef4ac6b9e10c66cd2dcb987867ef176292bf4e64eccc680a49e35e9e9c669f4a02bac17e86abdb
  languageName: node
  linkType: hard

"esrecurse@npm:^4.3.0":
  version: 4.3.0
  resolution: "esrecurse@npm:4.3.0"
  dependencies:
    estraverse: ^5.2.0
  checksum: ebc17b1a33c51cef46fdc28b958994b1dc43cd2e86237515cbc3b4e5d2be6a811b2315d0a1a4d9d340b6d2308b15322f5c8291059521cc5f4802f65e7ec32837
  languageName: node
  linkType: hard

"estraverse@npm:^4.1.1":
  version: 4.3.0
  resolution: "estraverse@npm:4.3.0"
  checksum: a6299491f9940bb246124a8d44b7b7a413a8336f5436f9837aaa9330209bd9ee8af7e91a654a3545aee9c54b3308e78ee360cef1d777d37cfef77d2fa33b5827
  languageName: node
  linkType: hard

"estraverse@npm:^5.2.0":
  version: 5.3.0
  resolution: "estraverse@npm:5.3.0"
  checksum: 072780882dc8416ad144f8fe199628d2b3e7bbc9989d9ed43795d2c90309a2047e6bc5979d7e2322a341163d22cfad9e21f4110597fe487519697389497e4e2b
  languageName: node
  linkType: hard

"eventemitter3@npm:^5.0.0":
  version: 5.0.1
  resolution: "eventemitter3@npm:5.0.1"
  checksum: 543d6c858ab699303c3c32e0f0f47fc64d360bf73c3daf0ac0b5079710e340d6fe9f15487f94e66c629f5f82cd1a8678d692f3dbb6f6fcd1190e1b97fcad36f8
  languageName: node
  linkType: hard

"events@npm:^3.2.0":
  version: 3.3.0
  resolution: "events@npm:3.3.0"
  checksum: f6f487ad2198aa41d878fa31452f1a3c00958f46e9019286ff4787c84aac329332ab45c9cdc8c445928fc6d7ded294b9e005a7fce9426488518017831b272780
  languageName: node
  linkType: hard

"fast-deep-equal@npm:^3.1.1":
  version: 3.1.3
  resolution: "fast-deep-equal@npm:3.1.3"
  checksum: e21a9d8d84f53493b6aa15efc9cfd53dd5b714a1f23f67fb5dc8f574af80df889b3bce25dc081887c6d25457cce704e636395333abad896ccdec03abaf1f3f9d
  languageName: node
  linkType: hard

"fast-glob@npm:^3.2.11":
  version: 3.3.2
  resolution: "fast-glob@npm:3.3.2"
  dependencies:
    "@nodelib/fs.stat": ^2.0.2
    "@nodelib/fs.walk": ^1.2.3
    glob-parent: ^5.1.2
    merge2: ^1.3.0
    micromatch: ^4.0.4
  checksum: 900e4979f4dbc3313840078419245621259f349950411ca2fa445a2f9a1a6d98c3b5e7e0660c5ccd563aa61abe133a21765c6c0dec8e57da1ba71d8000b05ec1
  languageName: node
  linkType: hard

"fast-json-stable-stringify@npm:^2.0.0":
  version: 2.1.0
  resolution: "fast-json-stable-stringify@npm:2.1.0"
  checksum: b191531e36c607977e5b1c47811158733c34ccb3bfde92c44798929e9b4154884378536d26ad90dfecd32e1ffc09c545d23535ad91b3161a27ddbb8ebe0cbecb
  languageName: node
  linkType: hard

"fastq@npm:^1.6.0":
  version: 1.16.0
  resolution: "fastq@npm:1.16.0"
  dependencies:
    reusify: ^1.0.4
  checksum: 1d40ed1f100ae625e5720484e8602b7ad07649370f1cbc3e34a6b9630a0bfed6946bab0322d8a368a1e3cde87bb9bbb8d3bc2ae01a0c1f022fac1d07c04e4feb
  languageName: node
  linkType: hard

"fill-range@npm:^7.0.1":
  version: 7.0.1
  resolution: "fill-range@npm:7.0.1"
  dependencies:
    to-regex-range: ^5.0.1
  checksum: cc283f4e65b504259e64fd969bcf4def4eb08d85565e906b7d36516e87819db52029a76b6363d0f02d0d532f0033c9603b9e2d943d56ee3b0d4f7ad3328ff917
  languageName: node
  linkType: hard

"glob-parent@npm:^5.1.2":
  version: 5.1.2
  resolution: "glob-parent@npm:5.1.2"
  dependencies:
    is-glob: ^4.0.1
  checksum: f4f2bfe2425296e8a47e36864e4f42be38a996db40420fe434565e4480e3322f18eb37589617a98640c5dc8fdec1a387007ee18dbb1f3f5553409c34d17f425e
  languageName: node
  linkType: hard

"glob-to-regexp@npm:^0.4.1":
  version: 0.4.1
  resolution: "glob-to-regexp@npm:0.4.1"
  checksum: e795f4e8f06d2a15e86f76e4d92751cf8bbfcf0157cea5c2f0f35678a8195a750b34096b1256e436f0cebc1883b5ff0888c47348443e69546a5a87f9e1eb1167
  languageName: node
  linkType: hard

"graceful-fs@npm:^4.1.2, graceful-fs@npm:^4.2.4, graceful-fs@npm:^4.2.9":
  version: 4.2.11
  resolution: "graceful-fs@npm:4.2.11"
  checksum: ac85f94da92d8eb6b7f5a8b20ce65e43d66761c55ce85ac96df6865308390da45a8d3f0296dd3a663de65d30ba497bd46c696cc1e248c72b13d6d567138a4fc7
  languageName: node
  linkType: hard

"has-flag@npm:^4.0.0":
  version: 4.0.0
  resolution: "has-flag@npm:4.0.0"
  checksum: 261a1357037ead75e338156b1f9452c016a37dcd3283a972a30d9e4a87441ba372c8b81f818cd0fbcd9c0354b4ae7e18b9e1afa1971164aef6d18c2b6095a8ad
  languageName: node
  linkType: hard

"iconv-lite@npm:^0.6.2":
  version: 0.6.3
  resolution: "iconv-lite@npm:0.6.3"
  dependencies:
    safer-buffer: ">= 2.1.2 < 3.0.0"
  checksum: 3f60d47a5c8fc3313317edfd29a00a692cc87a19cac0159e2ce711d0ebc9019064108323b5e493625e25594f11c6236647d8e256fbe7a58f4a3b33b89e6d30bf
  languageName: node
  linkType: hard

"is-extglob@npm:^2.1.1":
  version: 2.1.1
  resolution: "is-extglob@npm:2.1.1"
  checksum: df033653d06d0eb567461e58a7a8c9f940bd8c22274b94bf7671ab36df5719791aae15eef6d83bbb5e23283967f2f984b8914559d4449efda578c775c4be6f85
  languageName: node
  linkType: hard

"is-glob@npm:^4.0.1":
  version: 4.0.3
  resolution: "is-glob@npm:4.0.3"
  dependencies:
    is-extglob: ^2.1.1
  checksum: d381c1319fcb69d341cc6e6c7cd588e17cd94722d9a32dbd60660b993c4fb7d0f19438674e68dfec686d09b7c73139c9166b47597f846af387450224a8101ab4
  languageName: node
  linkType: hard

"is-number@npm:^7.0.0":
  version: 7.0.0
  resolution: "is-number@npm:7.0.0"
  checksum: 456ac6f8e0f3111ed34668a624e45315201dff921e5ac181f8ec24923b99e9f32ca1a194912dc79d539c97d33dba17dc635202ff0b2cf98326f608323276d27a
  languageName: node
  linkType: hard

"jest-worker@npm:^27.4.5":
  version: 27.5.1
  resolution: "jest-worker@npm:27.5.1"
  dependencies:
    "@types/node": "*"
    merge-stream: ^2.0.0
    supports-color: ^8.0.0
  checksum: 98cd68b696781caed61c983a3ee30bf880b5bd021c01d98f47b143d4362b85d0737f8523761e2713d45e18b4f9a2b98af1eaee77afade4111bb65c77d6f7c980
  languageName: node
  linkType: hard

"js-tokens@npm:^3.0.0 || ^4.0.0":
  version: 4.0.0
  resolution: "js-tokens@npm:4.0.0"
  checksum: 8a95213a5a77deb6cbe94d86340e8d9ace2b93bc367790b260101d2f36a2eaf4e4e22d9fa9cf459b38af3a32fb4190e638024cf82ec95ef708680e405ea7cc78
  languageName: node
  linkType: hard

"json-parse-even-better-errors@npm:^2.3.1":
  version: 2.3.1
  resolution: "json-parse-even-better-errors@npm:2.3.1"
  checksum: 798ed4cf3354a2d9ccd78e86d2169515a0097a5c133337807cdf7f1fc32e1391d207ccfc276518cc1d7d8d4db93288b8a50ba4293d212ad1336e52a8ec0a941f
  languageName: node
  linkType: hard

"json-schema-traverse@npm:^0.4.1":
  version: 0.4.1
  resolution: "json-schema-traverse@npm:0.4.1"
  checksum: 7486074d3ba247769fda17d5181b345c9fb7d12e0da98b22d1d71a5db9698d8b4bd900a3ec1a4ffdd60846fc2556274a5c894d0c48795f14cb03aeae7b55260b
  languageName: node
  linkType: hard

"loader-runner@npm:^4.2.0":
  version: 4.3.0
  resolution: "loader-runner@npm:4.3.0"
  checksum: a90e00dee9a16be118ea43fec3192d0b491fe03a32ed48a4132eb61d498f5536a03a1315531c19d284392a8726a4ecad71d82044c28d7f22ef62e029bf761569
  languageName: node
  linkType: hard

"loose-envify@npm:^1.1.0":
  version: 1.4.0
  resolution: "loose-envify@npm:1.4.0"
  dependencies:
    js-tokens: ^3.0.0 || ^4.0.0
  bin:
    loose-envify: cli.js
  checksum: 6517e24e0cad87ec9888f500c5b5947032cdfe6ef65e1c1936a0c48a524b81e65542c9c3edc91c97d5bddc806ee2a985dbc79be89215d613b1de5db6d1cfe6f4
  languageName: node
  linkType: hard

"merge-stream@npm:^2.0.0":
  version: 2.0.0
  resolution: "merge-stream@npm:2.0.0"
  checksum: 6fa4dcc8d86629705cea944a4b88ef4cb0e07656ebf223fa287443256414283dd25d91c1cd84c77987f2aec5927af1a9db6085757cb43d90eb170ebf4b47f4f4
  languageName: node
  linkType: hard

"merge2@npm:^1.3.0":
  version: 1.4.1
  resolution: "merge2@npm:1.4.1"
  checksum: 7268db63ed5169466540b6fb947aec313200bcf6d40c5ab722c22e242f651994619bcd85601602972d3c85bd2cc45a358a4c61937e9f11a061919a1da569b0c2
  languageName: node
  linkType: hard

"micromatch@npm:^4.0.4":
  version: 4.0.5
  resolution: "micromatch@npm:4.0.5"
  dependencies:
    braces: ^3.0.2
    picomatch: ^2.3.1
  checksum: 02a17b671c06e8fefeeb6ef996119c1e597c942e632a21ef589154f23898c9c6a9858526246abb14f8bca6e77734aa9dcf65476fca47cedfb80d9577d52843fc
  languageName: node
  linkType: hard

"mime-db@npm:1.52.0":
  version: 1.52.0
  resolution: "mime-db@npm:1.52.0"
  checksum: 0d99a03585f8b39d68182803b12ac601d9c01abfa28ec56204fa330bc9f3d1c5e14beb049bafadb3dbdf646dfb94b87e24d4ec7b31b7279ef906a8ea9b6a513f
  languageName: node
  linkType: hard

"mime-types@npm:^2.1.27":
  version: 2.1.35
  resolution: "mime-types@npm:2.1.35"
  dependencies:
    mime-db: 1.52.0
  checksum: 89a5b7f1def9f3af5dad6496c5ed50191ae4331cc5389d7c521c8ad28d5fdad2d06fd81baf38fed813dc4e46bb55c8145bb0ff406330818c9cf712fb2e9b3836
  languageName: node
  linkType: hard

"nanoid@npm:^3.3.6":
  version: 3.3.7
  resolution: "nanoid@npm:3.3.7"
  bin:
    nanoid: bin/nanoid.cjs
  checksum: d36c427e530713e4ac6567d488b489a36582ef89da1d6d4e3b87eded11eb10d7042a877958c6f104929809b2ab0bafa17652b076cdf84324aa75b30b722204f2
  languageName: node
  linkType: hard

"neo-async@npm:^2.6.2":
  version: 2.6.2
  resolution: "neo-async@npm:2.6.2"
  checksum: deac9f8d00eda7b2e5cd1b2549e26e10a0faa70adaa6fdadca701cc55f49ee9018e427f424bac0c790b7c7e2d3068db97f3093f1093975f2acb8f8818b936ed9
  languageName: node
  linkType: hard

"next@npm:13.5.6":
  version: 13.5.6
  resolution: "next@npm:13.5.6"
  dependencies:
    "@next/env": 13.5.6
    "@next/swc-darwin-arm64": 13.5.6
    "@next/swc-darwin-x64": 13.5.6
    "@next/swc-linux-arm64-gnu": 13.5.6
    "@next/swc-linux-arm64-musl": 13.5.6
    "@next/swc-linux-x64-gnu": 13.5.6
    "@next/swc-linux-x64-musl": 13.5.6
    "@next/swc-win32-arm64-msvc": 13.5.6
    "@next/swc-win32-ia32-msvc": 13.5.6
    "@next/swc-win32-x64-msvc": 13.5.6
    "@swc/helpers": 0.5.2
    busboy: 1.6.0
    caniuse-lite: ^1.0.30001406
    postcss: 8.4.31
    styled-jsx: 5.1.1
    watchpack: 2.4.0
  peerDependencies:
    "@opentelemetry/api": ^1.1.0
    react: ^18.2.0
    react-dom: ^18.2.0
    sass: ^1.3.0
  dependenciesMeta:
    "@next/swc-darwin-arm64":
      optional: true
    "@next/swc-darwin-x64":
      optional: true
    "@next/swc-linux-arm64-gnu":
      optional: true
    "@next/swc-linux-arm64-musl":
      optional: true
    "@next/swc-linux-x64-gnu":
      optional: true
    "@next/swc-linux-x64-musl":
      optional: true
    "@next/swc-win32-arm64-msvc":
      optional: true
    "@next/swc-win32-ia32-msvc":
      optional: true
    "@next/swc-win32-x64-msvc":
      optional: true
  peerDependenciesMeta:
    "@opentelemetry/api":
      optional: true
    sass:
      optional: true
  bin:
    next: dist/bin/next
  checksum: c869b0014ae921ada3bf22301985027ec320aebcd6aa9c16e8afbded68bb8def5874cca034c680e8c351a79578f1e514971d02777f6f0a5a1d7290f25970ac0d
  languageName: node
  linkType: hard

"node-fetch@npm:2.6.9":
  version: 2.6.9
  resolution: "node-fetch@npm:2.6.9"
  dependencies:
    whatwg-url: ^5.0.0
  peerDependencies:
    encoding: ^0.1.0
  peerDependenciesMeta:
    encoding:
      optional: true
  checksum: acb04f9ce7224965b2b59e71b33c639794d8991efd73855b0b250921382b38331ffc9d61bce502571f6cc6e11a8905ca9b1b6d4aeb586ab093e2756a1fd190d0
  languageName: node
  linkType: hard

"node-fetch@npm:^2.6.7":
  version: 2.7.0
  resolution: "node-fetch@npm:2.7.0"
  dependencies:
    whatwg-url: ^5.0.0
  peerDependencies:
    encoding: ^0.1.0
  peerDependenciesMeta:
    encoding:
      optional: true
  checksum: d76d2f5edb451a3f05b15115ec89fc6be39de37c6089f1b6368df03b91e1633fd379a7e01b7ab05089a25034b2023d959b47e59759cb38d88341b2459e89d6e5
  languageName: node
  linkType: hard

"node-releases@npm:^2.0.14":
  version: 2.0.14
  resolution: "node-releases@npm:2.0.14"
  checksum: 59443a2f77acac854c42d321bf1b43dea0aef55cd544c6a686e9816a697300458d4e82239e2d794ea05f7bbbc8a94500332e2d3ac3f11f52e4b16cbe638b3c41
  languageName: node
  linkType: hard

"picocolors@npm:^1.0.0":
  version: 1.0.0
  resolution: "picocolors@npm:1.0.0"
  checksum: a2e8092dd86c8396bdba9f2b5481032848525b3dc295ce9b57896f931e63fc16f79805144321f72976383fc249584672a75cc18d6777c6b757603f372f745981
  languageName: node
  linkType: hard

"picomatch@npm:^2.3.1":
  version: 2.3.1
  resolution: "picomatch@npm:2.3.1"
  checksum: 050c865ce81119c4822c45d3c84f1ced46f93a0126febae20737bd05ca20589c564d6e9226977df859ed5e03dc73f02584a2b0faad36e896936238238b0446cf
  languageName: node
  linkType: hard

"postcss@npm:8.4.31":
  version: 8.4.31
  resolution: "postcss@npm:8.4.31"
  dependencies:
    nanoid: ^3.3.6
    picocolors: ^1.0.0
    source-map-js: ^1.0.2
  checksum: 1d8611341b073143ad90486fcdfeab49edd243377b1f51834dc4f6d028e82ce5190e4f11bb2633276864503654fb7cab28e67abdc0fbf9d1f88cad4a0ff0beea
  languageName: node
  linkType: hard

"punycode@npm:^2.1.0":
  version: 2.3.1
  resolution: "punycode@npm:2.3.1"
  checksum: bb0a0ceedca4c3c57a9b981b90601579058903c62be23c5e8e843d2c2d4148a3ecf029d5133486fb0e1822b098ba8bba09e89d6b21742d02fa26bda6441a6fb2
  languageName: node
  linkType: hard

"queue-microtask@npm:^1.2.2":
  version: 1.2.3
  resolution: "queue-microtask@npm:1.2.3"
  checksum: b676f8c040cdc5b12723ad2f91414d267605b26419d5c821ff03befa817ddd10e238d22b25d604920340fd73efd8ba795465a0377c4adf45a4a41e4234e42dc4
  languageName: node
  linkType: hard

"randombytes@npm:^2.1.0":
  version: 2.1.0
  resolution: "randombytes@npm:2.1.0"
  dependencies:
    safe-buffer: ^5.1.0
  checksum: d779499376bd4cbb435ef3ab9a957006c8682f343f14089ed5f27764e4645114196e75b7f6abf1cbd84fd247c0cb0651698444df8c9bf30e62120fbbc52269d6
  languageName: node
  linkType: hard

"react-dom@npm:18.2.0":
  version: 18.2.0
  resolution: "react-dom@npm:18.2.0"
  dependencies:
    loose-envify: ^1.1.0
    scheduler: ^0.23.0
  peerDependencies:
    react: ^18.2.0
  checksum: 7d323310bea3a91be2965f9468d552f201b1c27891e45ddc2d6b8f717680c95a75ae0bc1e3f5cf41472446a2589a75aed4483aee8169287909fcd59ad149e8cc
  languageName: node
  linkType: hard

"react@npm:18.2.0":
  version: 18.2.0
  resolution: "react@npm:18.2.0"
  dependencies:
    loose-envify: ^1.1.0
  checksum: 88e38092da8839b830cda6feef2e8505dec8ace60579e46aa5490fc3dc9bba0bd50336507dc166f43e3afc1c42939c09fe33b25fae889d6f402721dcd78fca1b
  languageName: node
  linkType: hard

"reusify@npm:^1.0.4":
  version: 1.0.4
  resolution: "reusify@npm:1.0.4"
  checksum: c3076ebcc22a6bc252cb0b9c77561795256c22b757f40c0d8110b1300723f15ec0fc8685e8d4ea6d7666f36c79ccc793b1939c748bf36f18f542744a4e379fcc
  languageName: node
  linkType: hard

"run-parallel@npm:^1.1.9":
  version: 1.2.0
  resolution: "run-parallel@npm:1.2.0"
  dependencies:
    queue-microtask: ^1.2.2
  checksum: cb4f97ad25a75ebc11a8ef4e33bb962f8af8516bb2001082ceabd8902e15b98f4b84b4f8a9b222e5d57fc3bd1379c483886ed4619367a7680dad65316993021d
  languageName: node
  linkType: hard

"safe-buffer@npm:^5.1.0":
  version: 5.2.1
  resolution: "safe-buffer@npm:5.2.1"
  checksum: b99c4b41fdd67a6aaf280fcd05e9ffb0813654894223afb78a31f14a19ad220bba8aba1cb14eddce1fcfb037155fe6de4e861784eb434f7d11ed58d1e70dd491
  languageName: node
  linkType: hard

"safer-buffer@npm:>= 2.1.2 < 3.0.0":
  version: 2.1.2
  resolution: "safer-buffer@npm:2.1.2"
  checksum: cab8f25ae6f1434abee8d80023d7e72b598cf1327164ddab31003c51215526801e40b66c5e65d658a0af1e9d6478cadcb4c745f4bd6751f97d8644786c0978b0
  languageName: node
  linkType: hard

"scheduler@npm:^0.23.0":
  version: 0.23.0
  resolution: "scheduler@npm:0.23.0"
  dependencies:
    loose-envify: ^1.1.0
  checksum: d79192eeaa12abef860c195ea45d37cbf2bbf5f66e3c4dcd16f54a7da53b17788a70d109ee3d3dde1a0fd50e6a8fc171f4300356c5aee4fc0171de526bf35f8a
  languageName: node
  linkType: hard

"schema-utils@npm:^3.1.1, schema-utils@npm:^3.2.0":
  version: 3.3.0
  resolution: "schema-utils@npm:3.3.0"
  dependencies:
    "@types/json-schema": ^7.0.8
    ajv: ^6.12.5
    ajv-keywords: ^3.5.2
  checksum: ea56971926fac2487f0757da939a871388891bc87c6a82220d125d587b388f1704788f3706e7f63a7b70e49fc2db974c41343528caea60444afd5ce0fe4b85c0
  languageName: node
  linkType: hard

"serialize-javascript@npm:^6.0.1":
  version: 6.0.1
  resolution: "serialize-javascript@npm:6.0.1"
  dependencies:
    randombytes: ^2.1.0
  checksum: 3c4f4cb61d0893b988415bdb67243637333f3f574e9e9cc9a006a2ced0b390b0b3b44aef8d51c951272a9002ec50885eefdc0298891bc27eb2fe7510ea87dc4f
  languageName: node
  linkType: hard

"source-map-js@npm:^1.0.2":
  version: 1.0.2
  resolution: "source-map-js@npm:1.0.2"
  checksum: c049a7fc4deb9a7e9b481ae3d424cc793cb4845daa690bc5a05d428bf41bf231ced49b4cf0c9e77f9d42fdb3d20d6187619fc586605f5eabe995a316da8d377c
  languageName: node
  linkType: hard

"source-map-support@npm:~0.5.20":
  version: 0.5.21
  resolution: "source-map-support@npm:0.5.21"
  dependencies:
    buffer-from: ^1.0.0
    source-map: ^0.6.0
  checksum: 43e98d700d79af1d36f859bdb7318e601dfc918c7ba2e98456118ebc4c4872b327773e5a1df09b0524e9e5063bb18f0934538eace60cca2710d1fa687645d137
  languageName: node
  linkType: hard

"source-map@npm:^0.6.0":
  version: 0.6.1
  resolution: "source-map@npm:0.6.1"
  checksum: 59ce8640cf3f3124f64ac289012c2b8bd377c238e316fb323ea22fbfe83da07d81e000071d7242cad7a23cd91c7de98e4df8830ec3f133cb6133a5f6e9f67bc2
  languageName: node
  linkType: hard

"streamsearch@npm:^1.1.0":
  version: 1.1.0
  resolution: "streamsearch@npm:1.1.0"
  checksum: 1cce16cea8405d7a233d32ca5e00a00169cc0e19fbc02aa839959985f267335d435c07f96e5e0edd0eadc6d39c98d5435fb5bbbdefc62c41834eadc5622ad942
  languageName: node
  linkType: hard

"styled-jsx@npm:5.1.1":
  version: 5.1.1
  resolution: "styled-jsx@npm:5.1.1"
  dependencies:
    client-only: 0.0.1
  peerDependencies:
    react: ">= 16.8.0 || 17.x.x || ^18.0.0-0"
  peerDependenciesMeta:
    "@babel/core":
      optional: true
    babel-plugin-macros:
      optional: true
  checksum: 523a33b38603492547e861b98e29c873939b04e15fbe5ef16132c6f1e15958126647983c7d4675325038b428a5e91183d996e90141b18bdd1bbadf6e2c45b2fa
  languageName: node
  linkType: hard

"supports-color@npm:^8.0.0":
  version: 8.1.1
  resolution: "supports-color@npm:8.1.1"
  dependencies:
    has-flag: ^4.0.0
  checksum: c052193a7e43c6cdc741eb7f378df605636e01ad434badf7324f17fb60c69a880d8d8fcdcb562cf94c2350e57b937d7425ab5b8326c67c2adc48f7c87c1db406
  languageName: node
  linkType: hard

"tapable@npm:^2.1.1, tapable@npm:^2.2.0":
  version: 2.2.1
  resolution: "tapable@npm:2.2.1"
  checksum: 3b7a1b4d86fa940aad46d9e73d1e8739335efd4c48322cb37d073eb6f80f5281889bf0320c6d8ffcfa1a0dd5bfdbd0f9d037e252ef972aca595330538aac4d51
  languageName: node
  linkType: hard

"terser-webpack-plugin@npm:^5.3.7":
  version: 5.3.10
  resolution: "terser-webpack-plugin@npm:5.3.10"
  dependencies:
    "@jridgewell/trace-mapping": ^0.3.20
    jest-worker: ^27.4.5
    schema-utils: ^3.1.1
    serialize-javascript: ^6.0.1
    terser: ^5.26.0
  peerDependencies:
    webpack: ^5.1.0
  peerDependenciesMeta:
    "@swc/core":
      optional: true
    esbuild:
      optional: true
    uglify-js:
      optional: true
  checksum: bd6e7596cf815f3353e2a53e79cbdec959a1b0276f5e5d4e63e9d7c3c5bb5306df567729da287d1c7b39d79093e56863c569c42c6c24cc34c76aa313bd2cbcea
  languageName: node
  linkType: hard

"terser@npm:^5.26.0":
  version: 5.26.0
  resolution: "terser@npm:5.26.0"
  dependencies:
    "@jridgewell/source-map": ^0.3.3
    acorn: ^8.8.2
    commander: ^2.20.0
    source-map-support: ~0.5.20
  bin:
    terser: bin/terser
  checksum: 02a9bb896f04df828025af8f0eced36c315d25d310b6c2418e7dad2bed19ddeb34a9cea9b34e7c24789830fa51e1b6a9be26679980987a9c817a7e6d9cd4154b
  languageName: node
  linkType: hard

"to-regex-range@npm:^5.0.1":
  version: 5.0.1
  resolution: "to-regex-range@npm:5.0.1"
  dependencies:
    is-number: ^7.0.0
  checksum: f76fa01b3d5be85db6a2a143e24df9f60dd047d151062d0ba3df62953f2f697b16fe5dad9b0ac6191c7efc7b1d9dcaa4b768174b7b29da89d4428e64bc0a20ed
  languageName: node
  linkType: hard

"tr46@npm:~0.0.3":
  version: 0.0.3
  resolution: "tr46@npm:0.0.3"
  checksum: 726321c5eaf41b5002e17ffbd1fb7245999a073e8979085dacd47c4b4e8068ff5777142fc6726d6ca1fd2ff16921b48788b87225cbc57c72636f6efa8efbffe3
  languageName: node
  linkType: hard

"tslib@npm:^2.4.0":
  version: 2.6.2
  resolution: "tslib@npm:2.6.2"
  checksum: 329ea56123005922f39642318e3d1f0f8265d1e7fcb92c633e0809521da75eeaca28d2cf96d7248229deb40e5c19adf408259f4b9640afd20d13aecc1430f3ad
  languageName: node
  linkType: hard

"undici-types@npm:~5.26.4":
  version: 5.26.5
  resolution: "undici-types@npm:5.26.5"
  checksum: 3192ef6f3fd5df652f2dc1cd782b49d6ff14dc98e5dced492aa8a8c65425227da5da6aafe22523c67f035a272c599bb89cfe803c1db6311e44bed3042fc25487
  languageName: node
  linkType: hard

"update-browserslist-db@npm:^1.0.13":
  version: 1.0.13
  resolution: "update-browserslist-db@npm:1.0.13"
  dependencies:
    escalade: ^3.1.1
    picocolors: ^1.0.0
  peerDependencies:
    browserslist: ">= 4.21.0"
  bin:
    update-browserslist-db: cli.js
  checksum: 1e47d80182ab6e4ad35396ad8b61008ae2a1330221175d0abd37689658bdb61af9b705bfc41057fd16682474d79944fb2d86767c5ed5ae34b6276b9bed353322
  languageName: node
  linkType: hard

"uri-js@npm:^4.2.2":
  version: 4.4.1
  resolution: "uri-js@npm:4.4.1"
  dependencies:
    punycode: ^2.1.0
  checksum: 7167432de6817fe8e9e0c9684f1d2de2bb688c94388f7569f7dbdb1587c9f4ca2a77962f134ec90be0cc4d004c939ff0d05acc9f34a0db39a3c797dada262633
  languageName: node
  linkType: hard

"watchpack@npm:2.4.0, watchpack@npm:^2.4.0":
  version: 2.4.0
  resolution: "watchpack@npm:2.4.0"
  dependencies:
    glob-to-regexp: ^0.4.1
    graceful-fs: ^4.1.2
  checksum: 23d4bc58634dbe13b86093e01c6a68d8096028b664ab7139d58f0c37d962d549a940e98f2f201cecdabd6f9c340338dc73ef8bf094a2249ef582f35183d1a131
  languageName: node
  linkType: hard

"webidl-conversions@npm:^3.0.0":
  version: 3.0.1
  resolution: "webidl-conversions@npm:3.0.1"
  checksum: c92a0a6ab95314bde9c32e1d0a6dfac83b578f8fa5f21e675bc2706ed6981bc26b7eb7e6a1fab158e5ce4adf9caa4a0aee49a52505d4d13c7be545f15021b17c
  languageName: node
  linkType: hard

"webpack-sources@npm:3.2.3, webpack-sources@npm:^3.2.3":
  version: 3.2.3
  resolution: "webpack-sources@npm:3.2.3"
  checksum: 989e401b9fe3536529e2a99dac8c1bdc50e3a0a2c8669cbafad31271eadd994bc9405f88a3039cd2e29db5e6d9d0926ceb7a1a4e7409ece021fe79c37d9c4607
  languageName: node
  linkType: hard

"webpack@npm:5.89.0":
  version: 5.89.0
  resolution: "webpack@npm:5.89.0"
  dependencies:
    "@types/eslint-scope": ^3.7.3
    "@types/estree": ^1.0.0
    "@webassemblyjs/ast": ^1.11.5
    "@webassemblyjs/wasm-edit": ^1.11.5
    "@webassemblyjs/wasm-parser": ^1.11.5
    acorn: ^8.7.1
    acorn-import-assertions: ^1.9.0
    browserslist: ^4.14.5
    chrome-trace-event: ^1.0.2
    enhanced-resolve: ^5.15.0
    es-module-lexer: ^1.2.1
    eslint-scope: 5.1.1
    events: ^3.2.0
    glob-to-regexp: ^0.4.1
    graceful-fs: ^4.2.9
    json-parse-even-better-errors: ^2.3.1
    loader-runner: ^4.2.0
    mime-types: ^2.1.27
    neo-async: ^2.6.2
    schema-utils: ^3.2.0
    tapable: ^2.1.1
    terser-webpack-plugin: ^5.3.7
    watchpack: ^2.4.0
    webpack-sources: ^3.2.3
  peerDependenciesMeta:
    webpack-cli:
      optional: true
  bin:
    webpack: bin/webpack.js
  checksum: 43fe0dbc30e168a685ef5a86759d5016a705f6563b39a240aa00826a80637d4a3deeb8062e709d6a4b05c63e796278244c84b04174704dc4a37bedb0f565c5ed
  languageName: node
  linkType: hard

"whatwg-url@npm:^5.0.0":
  version: 5.0.0
  resolution: "whatwg-url@npm:5.0.0"
  dependencies:
    tr46: ~0.0.3
    webidl-conversions: ^3.0.0
  checksum: b8daed4ad3356cc4899048a15b2c143a9aed0dfae1f611ebd55073310c7b910f522ad75d727346ad64203d7e6c79ef25eafd465f4d12775ca44b90fa82ed9e2c
  languageName: node
  linkType: hard
